// !$*UTF8*$!
{
	archiveVersion = 1;
	classes = {
	};
	objectVersion = 56;
	objects = {

/* Begin PBXBuildFile section */
		8734C60B2A370D6E00FEBA9B /* StudySwiftUIApp.swift in Sources */ = {isa = PBXBuildFile; fileRef = 8734C60A2A370D6E00FEBA9B /* StudySwiftUIApp.swift */; };
		8734C60D2A370D6E00FEBA9B /* ContentView.swift in Sources */ = {isa = PBXBuildFile; fileRef = 8734C60C2A370D6E00FEBA9B /* ContentView.swift */; };
		8734C60F2A370D6F00FEBA9B /* Assets.xcassets in Resources */ = {isa = PBXBuildFile; fileRef = 8734C60E2A370D6F00FEBA9B /* Assets.xcassets */; };
		8734C6122A370D6F00FEBA9B /* Preview Assets.xcassets in Resources */ = {isa = PBXBuildFile; fileRef = 8734C6112A370D6F00FEBA9B /* Preview Assets.xcassets */; };
		8734C6192A37108600FEBA9B /* CircleImage.swift in Sources */ = {isa = PBXBuildFile; fileRef = 8734C6182A37108600FEBA9B /* CircleImage.swift */; };
		8734C61B2A37112700FEBA9B /* MapView.swift in Sources */ = {isa = PBXBuildFile; fileRef = 8734C61A2A37112700FEBA9B /* MapView.swift */; };
		8734C61D2A37188400FEBA9B /* landmarkData.json in Resources */ = {isa = PBXBuildFile; fileRef = 8734C61C2A37188400FEBA9B /* landmarkData.json */; };
		8734C61F2A37189800FEBA9B /* Landmark.swift in Sources */ = {isa = PBXBuildFile; fileRef = 8734C61E2A37189800FEBA9B /* Landmark.swift */; };
		8734C6212A37194600FEBA9B /* ModelData.swift in Sources */ = {isa = PBXBuildFile; fileRef = 8734C6202A37194600FEBA9B /* ModelData.swift */; };
		8734C6262A3719FD00FEBA9B /* LandmarkRow.swift in Sources */ = {isa = PBXBuildFile; fileRef = 8734C6252A3719FD00FEBA9B /* LandmarkRow.swift */; };
		8734C6282A371B3900FEBA9B /* LandmarkList.swift in Sources */ = {isa = PBXBuildFile; fileRef = 8734C6272A371B3900FEBA9B /* LandmarkList.swift */; };
		8734C62A2A371BDE00FEBA9B /* LandmarkDetail.swift in Sources */ = {isa = PBXBuildFile; fileRef = 8734C6292A371BDE00FEBA9B /* LandmarkDetail.swift */; };
/* End PBXBuildFile section */

/* Begin PBXFileReference section */
		8734C6072A370D6E00FEBA9B /* StudySwiftUI.app */ = {isa = PBXFileReference; explicitFileType = wrapper.application; includeInIndex = 0; path = StudySwiftUI.app; sourceTree = BUILT_PRODUCTS_DIR; };
		8734C60A2A370D6E00FEBA9B /* StudySwiftUIApp.swift */ = {isa = PBXFileReference; lastKnownFileType = sourcecode.swift; path = StudySwiftUIApp.swift; sourceTree = "<group>"; };
		8734C60C2A370D6E00FEBA9B /* ContentView.swift */ = {isa = PBXFileReference; lastKnownFileType = sourcecode.swift; path = ContentView.swift; sourceTree = "<group>"; };
		8734C60E2A370D6F00FEBA9B /* Assets.xcassets */ = {isa = PBXFileReference; lastKnownFileType = folder.assetcatalog; path = Assets.xcassets; sourceTree = "<group>"; };
		8734C6112A370D6F00FEBA9B /* Preview Assets.xcassets */ = {isa = PBXFileReference; lastKnownFileType = folder.assetcatalog; path = "Preview Assets.xcassets"; sourceTree = "<group>"; };
		8734C6182A37108600FEBA9B /* CircleImage.swift */ = {isa = PBXFileReference; lastKnownFileType = sourcecode.swift; path = CircleImage.swift; sourceTree = "<group>"; };
		8734C61A2A37112700FEBA9B /* MapView.swift */ = {isa = PBXFileReference; lastKnownFileType = sourcecode.swift; path = MapView.swift; sourceTree = "<group>"; };
		8734C61C2A37188400FEBA9B /* landmarkData.json */ = {isa = PBXFileReference; fileEncoding = 4; lastKnownFileType = text.json; path = landmarkData.json; sourceTree = "<group>"; };
		8734C61E2A37189800FEBA9B /* Landmark.swift */ = {isa = PBXFileReference; lastKnownFileType = sourcecode.swift; path = Landmark.swift; sourceTree = "<group>"; };
		8734C6202A37194600FEBA9B /* ModelData.swift */ = {isa = PBXFileReference; lastKnownFileType = sourcecode.swift; path = ModelData.swift; sourceTree = "<group>"; };
		8734C6252A3719FD00FEBA9B /* LandmarkRow.swift */ = {isa = PBXFileReference; lastKnownFileType = sourcecode.swift; path = LandmarkRow.swift; sourceTree = "<group>"; };
		8734C6272A371B3900FEBA9B /* LandmarkList.swift */ = {isa = PBXFileReference; lastKnownFileType = sourcecode.swift; path = LandmarkList.swift; sourceTree = "<group>"; };
		8734C6292A371BDE00FEBA9B /* LandmarkDetail.swift */ = {isa = PBXFileReference; lastKnownFileType = sourcecode.swift; path = LandmarkDetail.swift; sourceTree = "<group>"; };
/* End PBXFileReference section */

/* Begin PBXFrameworksBuildPhase section */
		8734C6042A370D6E00FEBA9B /* Frameworks */ = {
			isa = PBXFrameworksBuildPhase;
			buildActionMask = 2147483647;
			files = (
			);
			runOnlyForDeploymentPostprocessing = 0;
		};
/* End PBXFrameworksBuildPhase section */

/* Begin PBXGroup section */
		8734C5FE2A370D6E00FEBA9B = {
			isa = PBXGroup;
			children = (
				8734C6092A370D6E00FEBA9B /* StudySwiftUI */,
				8734C6082A370D6E00FEBA9B /* Products */,
			);
			sourceTree = "<group>";
		};
		8734C6082A370D6E00FEBA9B /* Products */ = {
			isa = PBXGroup;
			children = (
				8734C6072A370D6E00FEBA9B /* StudySwiftUI.app */,
			);
			name = Products;
			sourceTree = "<group>";
		};
		8734C6092A370D6E00FEBA9B /* StudySwiftUI */ = {
			isa = PBXGroup;
			children = (
				8734C60A2A370D6E00FEBA9B /* StudySwiftUIApp.swift */,
				8734C6222A37198C00FEBA9B /* Views */,
				8734C6232A3719A200FEBA9B /* Model */,
				8734C6242A3719BC00FEBA9B /* Resources */,
				8734C60E2A370D6F00FEBA9B /* Assets.xcassets */,
				8734C6102A370D6F00FEBA9B /* Preview Content */,
			);
			path = StudySwiftUI;
			sourceTree = "<group>";
		};
		8734C6102A370D6F00FEBA9B /* Preview Content */ = {
			isa = PBXGroup;
			children = (
				8734C6112A370D6F00FEBA9B /* Preview Assets.xcassets */,
			);
			path = "Preview Content";
			sourceTree = "<group>";
		};
		8734C6222A37198C00FEBA9B /* Views */ = {
			isa = PBXGroup;
			children = (
				8734C60C2A370D6E00FEBA9B /* ContentView.swift */,
				8734C6182A37108600FEBA9B /* CircleImage.swift */,
				8734C61A2A37112700FEBA9B /* MapView.swift */,
				8734C6252A3719FD00FEBA9B /* LandmarkRow.swift */,
				8734C6272A371B3900FEBA9B /* LandmarkList.swift */,
				8734C6292A371BDE00FEBA9B /* LandmarkDetail.swift */,
			);
			path = Views;
			sourceTree = "<group>";
		};
		8734C6232A3719A200FEBA9B /* Model */ = {
			isa = PBXGroup;
			children = (
				8734C6202A37194600FEBA9B /* ModelData.swift */,
				8734C61E2A37189800FEBA9B /* Landmark.swift */,
			);
			path = Model;
			sourceTree = "<group>";
		};
		8734C6242A3719BC00FEBA9B /* Resources */ = {
			isa = PBXGroup;
			children = (
				8734C61C2A37188400FEBA9B /* landmarkData.json */,
			);
			path = Resources;
			sourceTree = "<group>";
		};
/* End PBXGroup section */

/* Begin PBXNativeTarget section */
		8734C6062A370D6E00FEBA9B /* StudySwiftUI */ = {
			isa = PBXNativeTarget;
			buildConfigurationList = 8734C6152A370D6F00FEBA9B /* Build configuration list for PBXNativeTarget "StudySwiftUI" */;
			buildPhases = (
				8734C6032A370D6E00FEBA9B /* Sources */,
				8734C6042A370D6E00FEBA9B /* Frameworks */,
				8734C6052A370D6E00FEBA9B /* Resources */,
			);
			buildRules = (
			);
			dependencies = (
			);
			name = StudySwiftUI;
			productName = StudySwiftUI;
			productReference = 8734C6072A370D6E00FEBA9B /* StudySwiftUI.app */;
			productType = "com.apple.product-type.application";
		};
/* End PBXNativeTarget section */

/* Begin PBXProject section */
		8734C5FF2A370D6E00FEBA9B /* Project object */ = {
			isa = PBXProject;
			attributes = {
				BuildIndependentTargetsInParallel = 1;
				LastSwiftUpdateCheck = 1430;
				LastUpgradeCheck = 1430;
				TargetAttributes = {
					8734C6062A370D6E00FEBA9B = {
						CreatedOnToolsVersion = 14.3;
					};
				};
			};
			buildConfigurationList = 8734C6022A370D6E00FEBA9B /* Build configuration list for PBXProject "StudySwiftUI" */;
			compatibilityVersion = "Xcode 14.0";
			developmentRegion = en;
			hasScannedForEncodings = 0;
			knownRegions = (
				en,
				Base,
			);
			mainGroup = 8734C5FE2A370D6E00FEBA9B;
			productRefGroup = 8734C6082A370D6E00FEBA9B /* Products */;
			projectDirPath = "";
			projectRoot = "";
			targets = (
				8734C6062A370D6E00FEBA9B /* StudySwiftUI */,
			);
		};
/* End PBXProject section */

/* Begin PBXResourcesBuildPhase section */
		8734C6052A370D6E00FEBA9B /* Resources */ = {
			isa = PBXResourcesBuildPhase;
			buildActionMask = 2147483647;
			files = (
				8734C6122A370D6F00FEBA9B /* Preview Assets.xcassets in Resources */,
				8734C60F2A370D6F00FEBA9B /* Assets.xcassets in Resources */,
				8734C61D2A37188400FEBA9B /* landmarkData.json in Resources */,
			);
			runOnlyForDeploymentPostprocessing = 0;
		};
/* End PBXResourcesBuildPhase section */

/* Begin PBXSourcesBuildPhase section */
		8734C6032A370D6E00FEBA9B /* Sources */ = {
			isa = PBXSourcesBuildPhase;
			buildActionMask = 2147483647;
			files = (
				8734C60D2A370D6E00FEBA9B /* ContentView.swift in Sources */,
				8734C61B2A37112700FEBA9B /* MapView.swift in Sources */,
				8734C60B2A370D6E00FEBA9B /* StudySwiftUIApp.swift in Sources */,
				8734C6282A371B3900FEBA9B /* LandmarkList.swift in Sources */,
				8734C62A2A371BDE00FEBA9B /* LandmarkDetail.swift in Sources */,
				8734C6192A37108600FEBA9B /* CircleImage.swift in Sources */,
				8734C61F2A37189800FEBA9B /* Landmark.swift in Sources */,
				8734C6262A3719FD00FEBA9B /* LandmarkRow.swift in Sources */,
				8734C6212A37194600FEBA9B /* ModelData.swift in Sources */,
			);
			runOnlyForDeploymentPostprocessing = 0;
		};
/* End PBXSourcesBuildPhase section */

/* Begin XCBuildConfiguration section */
		8734C6132A370D6F00FEBA9B /* Debug */ = {
			isa = XCBuildConfiguration;
			buildSettings = {
				ALWAYS_SEARCH_USER_PATHS = NO;
				CLANG_ANALYZER_NONNULL = YES;
				CLANG_ANALYZER_NUMBER_OBJECT_CONVERSION = YES_AGGRESSIVE;
				CLANG_CXX_LANGUAGE_STANDARD = "gnu++20";
				CLANG_ENABLE_MODULES = YES;
				CLANG_ENABLE_OBJC_ARC = YES;
				CLANG_ENABLE_OBJC_WEAK = YES;
				CLANG_WARN_BLOCK_CAPTURE_AUTORELEASING = YES;
				CLANG_WARN_BOOL_CONVERSION = YES;
				CLANG_WARN_COMMA = YES;
				CLANG_WARN_CONSTANT_CONVERSION = YES;
				CLANG_WARN_DEPRECATED_OBJC_IMPLEMENTATIONS = YES;
				CLANG_WARN_DIRECT_OBJC_ISA_USAGE = YES_ERROR;
				CLANG_WARN_DOCUMENTATION_COMMENTS = YES;
				CLANG_WARN_EMPTY_BODY = YES;
				CLANG_WARN_ENUM_CONVERSION = YES;
				CLANG_WARN_INFINITE_RECURSION = YES;
				CLANG_WARN_INT_CONVERSION = YES;
				CLANG_WARN_NON_LITERAL_NULL_CONVERSION = YES;
				CLANG_WARN_OBJC_IMPLICIT_RETAIN_SELF = YES;
				CLANG_WARN_OBJC_LITERAL_CONVERSION = YES;
				CLANG_WARN_OBJC_ROOT_CLASS = YES_ERROR;
				CLANG_WARN_QUOTED_INCLUDE_IN_FRAMEWORK_HEADER = YES;
				CLANG_WARN_RANGE_LOOP_ANALYSIS = YES;
				CLANG_WARN_STRICT_PROTOTYPES = YES;
				CLANG_WARN_SUSPICIOUS_MOVE = YES;
				CLANG_WARN_UNGUARDED_AVAILABILITY = YES_AGGRESSIVE;
				CLANG_WARN_UNREACHABLE_CODE = YES;
				CLANG_WARN__DUPLICATE_METHOD_MATCH = YES;
				COPY_PHASE_STRIP = NO;
				DEBUG_INFORMATION_FORMAT = dwarf;
				ENABLE_STRICT_OBJC_MSGSEND = YES;
				ENABLE_TESTABILITY = YES;
				GCC_C_LANGUAGE_STANDARD = gnu11;
				GCC_DYNAMIC_NO_PIC = NO;
				GCC_NO_COMMON_BLOCKS = YES;
				GCC_OPTIMIZATION_LEVEL = 0;
				GCC_PREPROCESSOR_DEFINITIONS = (
					"DEBUG=1",
					"$(inherited)",
				);
				GCC_WARN_64_TO_32_BIT_CONVERSION = YES;
				GCC_WARN_ABOUT_RETURN_TYPE = YES_ERROR;
				GCC_WARN_UNDECLARED_SELECTOR = YES;
				GCC_WARN_UNINITIALIZED_AUTOS = YES_AGGRESSIVE;
				GCC_WARN_UNUSED_FUNCTION = YES;
				GCC_WARN_UNUSED_VARIABLE = YES;
				IPHONEOS_DEPLOYMENT_TARGET = 16.4;
				MTL_ENABLE_DEBUG_INFO = INCLUDE_SOURCE;
				MTL_FAST_MATH = YES;
				ONLY_ACTIVE_ARCH = YES;
				SDKROOT = iphoneos;
				SWIFT_ACTIVE_COMPILATION_CONDITIONS = DEBUG;
				SWIFT_OPTIMIZATION_LEVEL = "-Onone";
			};
			name = Debug;
		};
		8734C6142A370D6F00FEBA9B /* Release */ = {
			isa = XCBuildConfiguration;
			buildSettings = {
				ALWAYS_SEARCH_USER_PATHS = NO;
				CLANG_ANALYZER_NONNULL = YES;
				CLANG_ANALYZER_NUMBER_OBJECT_CONVERSION = YES_AGGRESSIVE;
				CLANG_CXX_LANGUAGE_STANDARD = "gnu++20";
				CLANG_ENABLE_MODULES = YES;
				CLANG_ENABLE_OBJC_ARC = YES;
				CLANG_ENABLE_OBJC_WEAK = YES;
				CLANG_WARN_BLOCK_CAPTURE_AUTORELEASING = YES;
				CLANG_WARN_BOOL_CONVERSION = YES;
				CLANG_WARN_COMMA = YES;
				CLANG_WARN_CONSTANT_CONVERSION = YES;
				CLANG_WARN_DEPRECATED_OBJC_IMPLEMENTATIONS = YES;
				CLANG_WARN_DIRECT_OBJC_ISA_USAGE = YES_ERROR;
				CLANG_WARN_DOCUMENTATION_COMMENTS = YES;
				CLANG_WARN_EMPTY_BODY = YES;
				CLANG_WARN_ENUM_CONVERSION = YES;
				CLANG_WARN_INFINITE_RECURSION = YES;
				CLANG_WARN_INT_CONVERSION = YES;
				CLANG_WARN_NON_LITERAL_NULL_CONVERSION = YES;
				CLANG_WARN_OBJC_IMPLICIT_RETAIN_SELF = YES;
				CLANG_WARN_OBJC_LITERAL_CONVERSION = YES;
				CLANG_WARN_OBJC_ROOT_CLASS = YES_ERROR;
				CLANG_WARN_QUOTED_INCLUDE_IN_FRAMEWORK_HEADER = YES;
				CLANG_WARN_RANGE_LOOP_ANALYSIS = YES;
				CLANG_WARN_STRICT_PROTOTYPES = YES;
				CLANG_WARN_SUSPICIOUS_MOVE = YES;
				CLANG_WARN_UNGUARDED_AVAILABILITY = YES_AGGRESSIVE;
				CLANG_WARN_UNREACHABLE_CODE = YES;
				CLANG_WARN__DUPLICATE_METHOD_MATCH = YES;
				COPY_PHASE_STRIP = NO;
				DEBUG_INFORMATION_FORMAT = "dwarf-with-dsym";
				ENABLE_NS_ASSERTIONS = NO;
				ENABLE_STRICT_OBJC_MSGSEND = YES;
				GCC_C_LANGUAGE_STANDARD = gnu11;
				GCC_NO_COMMON_BLOCKS = YES;
				GCC_WARN_64_TO_32_BIT_CONVERSION = YES;
				GCC_WARN_ABOUT_RETURN_TYPE = YES_ERROR;
				GCC_WARN_UNDECLARED_SELECTOR = YES;
				GCC_WARN_UNINITIALIZED_AUTOS = YES_AGGRESSIVE;
				GCC_WARN_UNUSED_FUNCTION = YES;
				GCC_WARN_UNUSED_VARIABLE = YES;
				IPHONEOS_DEPLOYMENT_TARGET = 16.4;
				MTL_ENABLE_DEBUG_INFO = NO;
				MTL_FAST_MATH = YES;
				SDKROOT = iphoneos;
				SWIFT_COMPILATION_MODE = wholemodule;
				SWIFT_OPTIMIZATION_LEVEL = "-O";
				VALIDATE_PRODUCT = YES;
			};
			name = Release;
		};
		8734C6162A370D6F00FEBA9B /* Debug */ = {
			isa = XCBuildConfiguration;
			buildSettings = {
				ASSETCATALOG_COMPILER_APPICON_NAME = AppIcon;
				ASSETCATALOG_COMPILER_GLOBAL_ACCENT_COLOR_NAME = AccentColor;
				CODE_SIGN_STYLE = Automatic;
				CURRENT_PROJECT_VERSION = 1;
				DEVELOPMENT_ASSET_PATHS = "\"StudySwiftUI/Preview Content\"";
				ENABLE_PREVIEWS = YES;
				GENERATE_INFOPLIST_FILE = YES;
				INFOPLIST_KEY_UIApplicationSceneManifest_Generation = YES;
				INFOPLIST_KEY_UIApplicationSupportsIndirectInputEvents = YES;
				INFOPLIST_KEY_UILaunchScreen_Generation = YES;
				INFOPLIST_KEY_UISupportedInterfaceOrientations_iPad = "UIInterfaceOrientationPortrait UIInterfaceOrientationPortraitUpsideDown UIInterfaceOrientationLandscapeLeft UIInterfaceOrientationLandscapeRight";
				INFOPLIST_KEY_UISupportedInterfaceOrientations_iPhone = "UIInterfaceOrientationPortrait UIInterfaceOrientationLandscapeLeft UIInterfaceOrientationLandscapeRight";
				LD_RUNPATH_SEARCH_PATHS = (
					"$(inherited)",
					"@executable_path/Frameworks",
				);
				MARKETING_VERSION = 1.0;
				PRODUCT_BUNDLE_IDENTIFIER = com.fdee.StudySwiftUI;
				PRODUCT_NAME = "$(TARGET_NAME)";
				SWIFT_EMIT_LOC_STRINGS = YES;
				SWIFT_VERSION = 5.0;
				TARGETED_DEVICE_FAMILY = "1,2";
			};
			name = Debug;
		};
		8734C6172A370D6F00FEBA9B /* Release */ = {
			isa = XCBuildConfiguration;
			buildSettings = {
				ASSETCATALOG_COMPILER_APPICON_NAME = AppIcon;
				ASSETCATALOG_COMPILER_GLOBAL_ACCENT_COLOR_NAME = AccentColor;
				CODE_SIGN_STYLE = Automatic;
				CURRENT_PROJECT_VERSION = 1;
				DEVELOPMENT_ASSET_PATHS = "\"StudySwiftUI/Preview Content\"";
				ENABLE_PREVIEWS = YES;
				GENERATE_INFOPLIST_FILE = YES;
				INFOPLIST_KEY_UIApplicationSceneManifest_Generation = YES;
				INFOPLIST_KEY_UIApplicationSupportsIndirectInputEvents = YES;
				INFOPLIST_KEY_UILaunchScreen_Generation = YES;
				INFOPLIST_KEY_UISupportedInterfaceOrientations_iPad = "UIInterfaceOrientationPortrait UIInterfaceOrientationPortraitUpsideDown UIInterfaceOrientationLandscapeLeft UIInterfaceOrientationLandscapeRight";
				INFOPLIST_KEY_UISupportedInterfaceOrientations_iPhone = "UIInterfaceOrientationPortrait UIInterfaceOrientationLandscapeLeft UIInterfaceOrientationLandscapeRight";
				LD_RUNPATH_SEARCH_PATHS = (
					"$(inherited)",
					"@executable_path/Frameworks",
				);
				MARKETING_VERSION = 1.0;
				PRODUCT_BUNDLE_IDENTIFIER = com.fdee.StudySwiftUI;
				PRODUCT_NAME = "$(TARGET_NAME)";
				SWIFT_EMIT_LOC_STRINGS = YES;
				SWIFT_VERSION = 5.0;
				TARGETED_DEVICE_FAMILY = "1,2";
			};
			name = Release;
		};
/* End XCBuildConfiguration section */

/* Begin XCConfigurationList section */
		8734C6022A370D6E00FEBA9B /* Build configuration list for PBXProject "StudySwiftUI" */ = {
			isa = XCConfigurationList;
			buildConfigurations = (
				8734C6132A370D6F00FEBA9B /* Debug */,
				8734C6142A370D6F00FEBA9B /* Release */,
			);
			defaultConfigurationIsVisible = 0;
			defaultConfigurationName = Release;
		};
		8734C6152A370D6F00FEBA9B /* Build configuration list for PBXNativeTarget "StudySwiftUI" */ = {
			isa = XCConfigurationList;
			buildConfigurations = (
				8734C6162A370D6F00FEBA9B /* Debug */,
				8734C6172A370D6F00FEBA9B /* Release */,
			);
			defaultConfigurationIsVisible = 0;
			defaultConfigurationName = Release;
		};
/* End XCConfigurationList section */
	};
	rootObject = 8734C5FF2A370D6E00FEBA9B /* Project object */;
}
